
Microsoft Visual Studio Solution File, Format Version 12.00
# Visual Studio Version 17
VisualStudioVersion = 17.5.33516.290
MinimumVisualStudioVersion = 10.0.40219.1
Project("{FAE04EC0-301F-11D3-BF4B-00C04F79EFBC}") = "VL.RunwayML", "VL.RunwayML.csproj", "{8AA2E90C-EEBD-4D17-B9EE-FE3090E67462}"
EndProject
Global
	GlobalSection(SolutionConfigurationPlatforms) = preSolution
		Debug|Any CPU = Debug|Any CPU
		Release|Any CPU = Release|Any CPU
	EndGlobalSection
	GlobalSection(ProjectConfigurationPlatforms) = postSolution
		{8AA2E90C-EEBD-4D17-B9EE-FE3090E67462}.Debug|Any CPU.ActiveCfg = Debug|Any CPU
		{8AA2E90C-EEBD-4D17-B9EE-FE3090E67462}.Debug|Any CPU.Build.0 = Debug|Any CPU
		{8AA2E90C-EEBD-4D17-B9EE-FE3090E67462}.Release|Any CPU.ActiveCfg = Release|Any CPU
		{8AA2E90C-EEBD-4D17-B9EE-FE3090E67462}.Release|Any CPU.Build.0 = Release|Any CPU
	EndGlobalSection
	GlobalSection(SolutionProperties) = preSolution
		HideSolutionNode = FALSE
	EndGlobalSection
	GlobalSection(ExtensibilityGlobals) = postSolution
		SolutionGuid = {3419FE4A-59D8-431A-9563-5C4EB0238737}
	EndGlobalSection
EndGlobal
